
Microsoft Visual Studio Solution File, Format Version 12.00
# Visual Studio Version 16
VisualStudioVersion = 16.0.32413.511
MinimumVisualStudioVersion = 10.0.40219.1
Project("{FAE04EC0-301F-11D3-BF4B-00C04F79EFBC}") = "Project", "Project.csproj", "{FB124B8D-D94F-4BB9-A0BF-1164B91DC2EF}"
EndProject
Global
	GlobalSection(SolutionConfigurationPlatforms) = preSolution
		Debug|Any CPU = Debug|Any CPU
		Release|Any CPU = Release|Any CPU
	EndGlobalSection
	GlobalSection(ProjectConfigurationPlatforms) = postSolution
		{FB124B8D-D94F-4BB9-A0BF-1164B91DC2EF}.Debug|Any CPU.ActiveCfg = Debug|Any CPU
		{FB124B8D-D94F-4BB9-A0BF-1164B91DC2EF}.Debug|Any CPU.Build.0 = Debug|Any CPU
		{FB124B8D-D94F-4BB9-A0BF-1164B91DC2EF}.Release|Any CPU.ActiveCfg = Release|Any CPU
		{FB124B8D-D94F-4BB9-A0BF-1164B91DC2EF}.Release|Any CPU.Build.0 = Release|Any CPU
	EndGlobalSection
	GlobalSection(SolutionProperties) = preSolution
		HideSolutionNode = FALSE
	EndGlobalSection
	GlobalSection(ExtensibilityGlobals) = postSolution
		SolutionGuid = {42260955-8652-4CDC-B5D3-9044BD90025E}
	EndGlobalSection
EndGlobal
